
Microsoft Visual Studio Solution File, Format Version 12.00
# Visual Studio 15
VisualStudioVersion = 15.0.26730.12
MinimumVisualStudioVersion = 10.0.40219.1
Project("{FAE04EC0-301F-11D3-BF4B-00C04F79EFBC}") = "TP1", "TP1\TP1.csproj", "{049806E3-73C1-49FF-B397-E26A1BA8456B}"
EndProject
Global
	GlobalSection(SolutionConfigurationPlatforms) = preSolution
		Debug|Any CPU = Debug|Any CPU
		Release|Any CPU = Release|Any CPU
	EndGlobalSection
	GlobalSection(ProjectConfigurationPlatforms) = postSolution
		{049806E3-73C1-49FF-B397-E26A1BA8456B}.Debug|Any CPU.ActiveCfg = Debug|Any CPU
		{049806E3-73C1-49FF-B397-E26A1BA8456B}.Debug|Any CPU.Build.0 = Debug|Any CPU
		{049806E3-73C1-49FF-B397-E26A1BA8456B}.Release|Any CPU.ActiveCfg = Release|Any CPU
		{049806E3-73C1-49FF-B397-E26A1BA8456B}.Release|Any CPU.Build.0 = Release|Any CPU
	EndGlobalSection
	GlobalSection(SolutionProperties) = preSolution
		HideSolutionNode = FALSE
	EndGlobalSection
	GlobalSection(ExtensibilityGlobals) = postSolution
		SolutionGuid = {BD69800D-DBC5-4A70-B111-C13F4478DAC8}
	EndGlobalSection
EndGlobal
