
Microsoft Visual Studio Solution File, Format Version 12.00
# Visual Studio 15
VisualStudioVersion = 15.0.27004.2005
MinimumVisualStudioVersion = 10.0.40219.1
Project("{FAE04EC0-301F-11D3-BF4B-00C04F79EFBC}") = "Consola", "Mattia.Tomas.2A.TP3\Consola.csproj", "{D9737381-2190-493B-BB6C-C45AAC0EC709}"
EndProject
Project("{FAE04EC0-301F-11D3-BF4B-00C04F79EFBC}") = "EntidadesAbstractas", "EntidadesAbstractas\EntidadesAbstractas.csproj", "{A9DEE7EC-CC3A-4954-B72A-E70B429EA37E}"
EndProject
Project("{FAE04EC0-301F-11D3-BF4B-00C04F79EFBC}") = "ClasesInstanciables", "ClasesInstanciables\ClasesInstanciables.csproj", "{924ABD23-1C45-45AE-BEF0-51555BB5C897}"
EndProject
Project("{FAE04EC0-301F-11D3-BF4B-00C04F79EFBC}") = "Excepciones", "Excepciones\Excepciones.csproj", "{48290681-66B9-4C9E-B0F1-25A2306E3301}"
EndProject
Project("{FAE04EC0-301F-11D3-BF4B-00C04F79EFBC}") = "Archivos", "Archivos\Archivos.csproj", "{822799CE-2EFA-4F53-ABC1-E8864E6F1CBB}"
EndProject
Project("{FAE04EC0-301F-11D3-BF4B-00C04F79EFBC}") = "UnitTesting", "UnitTesting\UnitTesting.csproj", "{0938435C-D844-47E0-B5E6-B30934BAFFC5}"
EndProject
Global
	GlobalSection(SolutionConfigurationPlatforms) = preSolution
		Debug|Any CPU = Debug|Any CPU
		Release|Any CPU = Release|Any CPU
	EndGlobalSection
	GlobalSection(ProjectConfigurationPlatforms) = postSolution
		{D9737381-2190-493B-BB6C-C45AAC0EC709}.Debug|Any CPU.ActiveCfg = Debug|Any CPU
		{D9737381-2190-493B-BB6C-C45AAC0EC709}.Debug|Any CPU.Build.0 = Debug|Any CPU
		{D9737381-2190-493B-BB6C-C45AAC0EC709}.Release|Any CPU.ActiveCfg = Release|Any CPU
		{D9737381-2190-493B-BB6C-C45AAC0EC709}.Release|Any CPU.Build.0 = Release|Any CPU
		{A9DEE7EC-CC3A-4954-B72A-E70B429EA37E}.Debug|Any CPU.ActiveCfg = Debug|Any CPU
		{A9DEE7EC-CC3A-4954-B72A-E70B429EA37E}.Debug|Any CPU.Build.0 = Debug|Any CPU
		{A9DEE7EC-CC3A-4954-B72A-E70B429EA37E}.Release|Any CPU.ActiveCfg = Release|Any CPU
		{A9DEE7EC-CC3A-4954-B72A-E70B429EA37E}.Release|Any CPU.Build.0 = Release|Any CPU
		{924ABD23-1C45-45AE-BEF0-51555BB5C897}.Debug|Any CPU.ActiveCfg = Debug|Any CPU
		{924ABD23-1C45-45AE-BEF0-51555BB5C897}.Debug|Any CPU.Build.0 = Debug|Any CPU
		{924ABD23-1C45-45AE-BEF0-51555BB5C897}.Release|Any CPU.ActiveCfg = Release|Any CPU
		{924ABD23-1C45-45AE-BEF0-51555BB5C897}.Release|Any CPU.Build.0 = Release|Any CPU
		{48290681-66B9-4C9E-B0F1-25A2306E3301}.Debug|Any CPU.ActiveCfg = Debug|Any CPU
		{48290681-66B9-4C9E-B0F1-25A2306E3301}.Debug|Any CPU.Build.0 = Debug|Any CPU
		{48290681-66B9-4C9E-B0F1-25A2306E3301}.Release|Any CPU.ActiveCfg = Release|Any CPU
		{48290681-66B9-4C9E-B0F1-25A2306E3301}.Release|Any CPU.Build.0 = Release|Any CPU
		{822799CE-2EFA-4F53-ABC1-E8864E6F1CBB}.Debug|Any CPU.ActiveCfg = Debug|Any CPU
		{822799CE-2EFA-4F53-ABC1-E8864E6F1CBB}.Debug|Any CPU.Build.0 = Debug|Any CPU
		{822799CE-2EFA-4F53-ABC1-E8864E6F1CBB}.Release|Any CPU.ActiveCfg = Release|Any CPU
		{822799CE-2EFA-4F53-ABC1-E8864E6F1CBB}.Release|Any CPU.Build.0 = Release|Any CPU
		{0938435C-D844-47E0-B5E6-B30934BAFFC5}.Debug|Any CPU.ActiveCfg = Debug|Any CPU
		{0938435C-D844-47E0-B5E6-B30934BAFFC5}.Debug|Any CPU.Build.0 = Debug|Any CPU
		{0938435C-D844-47E0-B5E6-B30934BAFFC5}.Release|Any CPU.ActiveCfg = Release|Any CPU
		{0938435C-D844-47E0-B5E6-B30934BAFFC5}.Release|Any CPU.Build.0 = Release|Any CPU
	EndGlobalSection
	GlobalSection(SolutionProperties) = preSolution
		HideSolutionNode = FALSE
	EndGlobalSection
	GlobalSection(ExtensibilityGlobals) = postSolution
		SolutionGuid = {1858B134-0D64-4B4D-97E1-FA8D038B114E}
	EndGlobalSection
EndGlobal
